
Microsoft Visual Studio Solution File, Format Version 12.00
# Visual Studio Version 16
VisualStudioVersion = 16.0.28803.352
MinimumVisualStudioVersion = 10.0.40219.1
Project("{FAE04EC0-301F-11D3-BF4B-00C04F79EFBC}") = "NewsReader", "NewsReader\NewsReader.csproj", "{F80EFF3E-2187-4203-A9E7-94268CA31044}"
EndProject
Project("{2150E333-8FDC-42A3-9474-1A3956D46DE8}") = "Solution Items", "Solution Items", "{E8C365BE-695C-481F-813A-55275DBB20F7}"
	ProjectSection(SolutionItems) = preProject
		.editorconfig = .editorconfig
	EndProjectSection
EndProject
Project("{FAE04EC0-301F-11D3-BF4B-00C04F79EFBC}") = "NewsReader.Tests", "NewsReader.Tests\NewsReader.Tests.csproj", "{D5587924-F2D1-49FB-8650-75634165C279}"
EndProject
Global
	GlobalSection(SolutionConfigurationPlatforms) = preSolution
		Debug|Any CPU = Debug|Any CPU
		Release|Any CPU = Release|Any CPU
	EndGlobalSection
	GlobalSection(ProjectConfigurationPlatforms) = postSolution
		{F80EFF3E-2187-4203-A9E7-94268CA31044}.Debug|Any CPU.ActiveCfg = Debug|Any CPU
		{F80EFF3E-2187-4203-A9E7-94268CA31044}.Debug|Any CPU.Build.0 = Debug|Any CPU
		{F80EFF3E-2187-4203-A9E7-94268CA31044}.Release|Any CPU.ActiveCfg = Release|Any CPU
		{F80EFF3E-2187-4203-A9E7-94268CA31044}.Release|Any CPU.Build.0 = Release|Any CPU
		{D5587924-F2D1-49FB-8650-75634165C279}.Debug|Any CPU.ActiveCfg = Debug|Any CPU
		{D5587924-F2D1-49FB-8650-75634165C279}.Debug|Any CPU.Build.0 = Debug|Any CPU
		{D5587924-F2D1-49FB-8650-75634165C279}.Release|Any CPU.ActiveCfg = Release|Any CPU
		{D5587924-F2D1-49FB-8650-75634165C279}.Release|Any CPU.Build.0 = Release|Any CPU
	EndGlobalSection
	GlobalSection(SolutionProperties) = preSolution
		HideSolutionNode = FALSE
	EndGlobalSection
	GlobalSection(ExtensibilityGlobals) = postSolution
		SolutionGuid = {BDD488B1-A57A-4769-ADD9-29356786D06B}
	EndGlobalSection
EndGlobal
